
Microsoft Visual Studio Solution File, Format Version 12.00
# Visual Studio Version 17
VisualStudioVersion = 17.0.31903.59
MinimumVisualStudioVersion = 10.0.40219.1
Project("{FAE04EC0-301F-11D3-BF4B-00C04F79EFBC}") = "MyHomeDigitalBookshelf.Api", "MyHomeDigitalBookshelf\Api\MyHomeDigitalBookshelf.Api.csproj", "{47CF9861-11B5-49E5-8C21-254F0CB6EDBA}"
EndProject
Project("{FAE04EC0-301F-11D3-BF4B-00C04F79EFBC}") = "MyHomeDigitalBookshelf.Domain", "MyHomeDigitalBookshelf\Domain\MyHomeDigitalBookshelf.Domain.csproj", "{4E934FAC-8CD4-46F5-B5E8-469BE69F191D}"
EndProject
Project("{FAE04EC0-301F-11D3-BF4B-00C04F79EFBC}") = "MyHomeDigitalBookshelf.Infrastructure", "MyHomeDigitalBookshelf\Infrastructure\MyHomeDigitalBookshelf.Infrastructure.csproj", "{9D81A9AF-D7D9-47BE-BC67-6E40D7A8AC52}"
EndProject
Project("{FAE04EC0-301F-11D3-BF4B-00C04F79EFBC}") = "MyHomeDigitalBookshelf.Application", "MyHomeDigitalBookshelf\Application\MyHomeDigitalBookshelf.Application.csproj", "{7FB6F85C-6BA5-452D-A3EF-BCEA74354A10}"
EndProject
Project("{FAE04EC0-301F-11D3-BF4B-00C04F79EFBC}") = "MyHomeDigitalBookshelf.Infrastructure.Tests", "MyHomeDigitalBookshelf\Infrastructure.Tests\MyHomeDigitalBookshelf.Infrastructure.Tests.csproj", "{D34E7C7A-C7EF-446F-94D0-0DDC63ACF32D}"
EndProject
Project("{2150E333-8FDC-42A3-9474-1A3956D46DE8}") = "MyHomeDigitalBookshelf", "MyHomeDigitalBookshelf", "{8AA17CC6-39F2-4706-AAB7-740554C25DDA}"
EndProject
Project("{FAE04EC0-301F-11D3-BF4B-00C04F79EFBC}") = "MyHomeDigitalBookshelf.DbMigrator", "MyHomeDigitalBookshelf\DbMigrator\MyHomeDigitalBookshelf.DbMigrator.csproj", "{824E0EB6-468D-4C68-B41C-8A6876FD16C8}"
EndProject
Global
	GlobalSection(SolutionConfigurationPlatforms) = preSolution
		Debug|Any CPU = Debug|Any CPU
		Release|Any CPU = Release|Any CPU
	EndGlobalSection
	GlobalSection(SolutionProperties) = preSolution
		HideSolutionNode = FALSE
	EndGlobalSection
	GlobalSection(ProjectConfigurationPlatforms) = postSolution
		{47CF9861-11B5-49E5-8C21-254F0CB6EDBA}.Debug|Any CPU.ActiveCfg = Debug|Any CPU
		{47CF9861-11B5-49E5-8C21-254F0CB6EDBA}.Debug|Any CPU.Build.0 = Debug|Any CPU
		{47CF9861-11B5-49E5-8C21-254F0CB6EDBA}.Release|Any CPU.ActiveCfg = Release|Any CPU
		{47CF9861-11B5-49E5-8C21-254F0CB6EDBA}.Release|Any CPU.Build.0 = Release|Any CPU
		{4E934FAC-8CD4-46F5-B5E8-469BE69F191D}.Debug|Any CPU.ActiveCfg = Debug|Any CPU
		{4E934FAC-8CD4-46F5-B5E8-469BE69F191D}.Debug|Any CPU.Build.0 = Debug|Any CPU
		{4E934FAC-8CD4-46F5-B5E8-469BE69F191D}.Release|Any CPU.ActiveCfg = Release|Any CPU
		{4E934FAC-8CD4-46F5-B5E8-469BE69F191D}.Release|Any CPU.Build.0 = Release|Any CPU
		{9D81A9AF-D7D9-47BE-BC67-6E40D7A8AC52}.Debug|Any CPU.ActiveCfg = Debug|Any CPU
		{9D81A9AF-D7D9-47BE-BC67-6E40D7A8AC52}.Debug|Any CPU.Build.0 = Debug|Any CPU
		{9D81A9AF-D7D9-47BE-BC67-6E40D7A8AC52}.Release|Any CPU.ActiveCfg = Release|Any CPU
		{9D81A9AF-D7D9-47BE-BC67-6E40D7A8AC52}.Release|Any CPU.Build.0 = Release|Any CPU
		{7FB6F85C-6BA5-452D-A3EF-BCEA74354A10}.Debug|Any CPU.ActiveCfg = Debug|Any CPU
		{7FB6F85C-6BA5-452D-A3EF-BCEA74354A10}.Debug|Any CPU.Build.0 = Debug|Any CPU
		{7FB6F85C-6BA5-452D-A3EF-BCEA74354A10}.Release|Any CPU.ActiveCfg = Release|Any CPU
		{7FB6F85C-6BA5-452D-A3EF-BCEA74354A10}.Release|Any CPU.Build.0 = Release|Any CPU
		{D34E7C7A-C7EF-446F-94D0-0DDC63ACF32D}.Debug|Any CPU.ActiveCfg = Debug|Any CPU
		{D34E7C7A-C7EF-446F-94D0-0DDC63ACF32D}.Debug|Any CPU.Build.0 = Debug|Any CPU
		{D34E7C7A-C7EF-446F-94D0-0DDC63ACF32D}.Release|Any CPU.ActiveCfg = Release|Any CPU
		{D34E7C7A-C7EF-446F-94D0-0DDC63ACF32D}.Release|Any CPU.Build.0 = Release|Any CPU
		{824E0EB6-468D-4C68-B41C-8A6876FD16C8}.Debug|Any CPU.ActiveCfg = Debug|Any CPU
		{824E0EB6-468D-4C68-B41C-8A6876FD16C8}.Debug|Any CPU.Build.0 = Debug|Any CPU
		{824E0EB6-468D-4C68-B41C-8A6876FD16C8}.Release|Any CPU.ActiveCfg = Release|Any CPU
		{824E0EB6-468D-4C68-B41C-8A6876FD16C8}.Release|Any CPU.Build.0 = Release|Any CPU
	EndGlobalSection
	GlobalSection(NestedProjects) = preSolution
		{824E0EB6-468D-4C68-B41C-8A6876FD16C8} = {8AA17CC6-39F2-4706-AAB7-740554C25DDA}
	EndGlobalSection
EndGlobal
